// !$*UTF8*$!
{
	archiveVersion = 1;
	classes = {
	};
	objectVersion = 46;
	objects = {
/* Begin PBXBuildFile section */
		858B842D18CA22B800AB12DE /* InfoPlist.strings in Resources */ = {isa = PBXBuildFile; fileRef = 858B833A18CA111C00AB12DE /* InfoPlist.strings */; };
		CD45EE7C18DC2D5800FB50C0 /* app in Resources */ = {isa = PBXBuildFile; fileRef = CD45EE7A18DC2D5800FB50C0 /* app */; };
		CD62955D1BB2678900AE3A93 /* main.m in Sources */ = {isa = PBXBuildFile; fileRef = CD62955C1BB2678900AE3A93 /* main.m */; };
		0CEAB780050A416C972A2B37 /* Default-568h@2x.png in Resources */ = {isa = PBXBuildFile; fileRef = F27391D8B5A14DD3BB3F941A /* Default-568h@2x.png */; };
		195157EC3C7E464FBD2D25AC /* Default-667h@2x.png in Resources */ = {isa = PBXBuildFile; fileRef = 7362E469E12C49AC86B07C01 /* Default-667h@2x.png */; };
		B89F53E5AF4B48C4B9DAA22B /* Default-736h@3x.png in Resources */ = {isa = PBXBuildFile; fileRef = 928035DC8FFC4395807E73DE /* Default-736h@3x.png */; };
		DB1B5F9CF7744B8BA3277726 /* Default-Landscape-568h@2x.png in Resources */ = {isa = PBXBuildFile; fileRef = 103E9789C02D4E4888E3BF79 /* Default-Landscape-568h@2x.png */; };
		320EEDC775E84A97BAD25D7A /* Default-Landscape-667h@2x.png in Resources */ = {isa = PBXBuildFile; fileRef = 1D93880611B0467BAE25E05B /* Default-Landscape-667h@2x.png */; };
		26E233DBD7ED4096BA29F293 /* Default-Landscape.png in Resources */ = {isa = PBXBuildFile; fileRef = 600B866C70334E168DF8B92B /* Default-Landscape.png */; };
		C514CDA25D49491F8413BD42 /* Default-Landscape@2x.png in Resources */ = {isa = PBXBuildFile; fileRef = BD94419428E542EF9EEC96EB /* Default-Landscape@2x.png */; };
		424782D8E1B04D84AFB8AEA6 /* Default-Landscape@3x.png in Resources */ = {isa = PBXBuildFile; fileRef = 348789E7B6CA4545A49B1812 /* Default-Landscape@3x.png */; };
		913253D94D8D4849B20326E3 /* Default-Portrait.png in Resources */ = {isa = PBXBuildFile; fileRef = 50A126A8BBD941FC9065ECDA /* Default-Portrait.png */; };
		3352B10D01E04A45867D76E6 /* Default-Portrait@2x.png in Resources */ = {isa = PBXBuildFile; fileRef = 9E178B63F5544B59AB0A2D1C /* Default-Portrait@2x.png */; };
		7E9D945DB1674A748516988B /* Default.png in Resources */ = {isa = PBXBuildFile; fileRef = 037EA9ACA7114256907B3830 /* Default.png */; };
		B49E55196F9F44528BD09D02 /* Default@2x.png in Resources */ = {isa = PBXBuildFile; fileRef = 3C89E77A5C924BFB9B107D9E /* Default@2x.png */; };
		E7CD24BAA66D49BD8106D4D1 /* Icon-Small-50.png in Resources */ = {isa = PBXBuildFile; fileRef = CC65E8B8519B4D2DAEFA5AD7 /* Icon-Small-50.png */; };
		A0CFB3E3CA5F4F3CA0B2A6A0 /* Icon-Small-50@2x.png in Resources */ = {isa = PBXBuildFile; fileRef = B66C9EFF745243229B58731B /* Icon-Small-50@2x.png */; };
		1403BDCE3D094800BDA0475B /* Icon-Small.png in Resources */ = {isa = PBXBuildFile; fileRef = 5C3CC7F078144DFCA5321F86 /* Icon-Small.png */; };
		788B3F4CE0DC42A896F35881 /* Icon-Small@2x.png in Resources */ = {isa = PBXBuildFile; fileRef = 67CFAABD27794A058CC683CA /* Icon-Small@2x.png */; };
		CB418CB46DC948CE9AE3AFBD /* build.xcconfig in Resources */ = {isa = PBXBuildFile; fileRef = F328AFA7FDFB421DBA8C6F1B /* build.xcconfig */; };
		48D21548E096498194029AE6 /* icon-40.png in Resources */ = {isa = PBXBuildFile; fileRef = E71F614DEA17459D9CF6D0F9 /* icon-40.png */; };
		E1A9FD7D3C9D42F99488BD8B /* icon-40@2x.png in Resources */ = {isa = PBXBuildFile; fileRef = B7BB5C4D2C634575896B1DB3 /* icon-40@2x.png */; };
		209B9925493B472FAA2445AE /* icon-60.png in Resources */ = {isa = PBXBuildFile; fileRef = 3BE1425A9E8D4DEE8DA66DC7 /* icon-60.png */; };
		94B106B94A46423A8384CC70 /* icon-60@2x.png in Resources */ = {isa = PBXBuildFile; fileRef = D4794146DEA0487E9B31846A /* icon-60@2x.png */; };
		666458CC7EFD4CE893BB625D /* icon-72.png in Resources */ = {isa = PBXBuildFile; fileRef = 8EB40012758A44FABB3B06CC /* icon-72.png */; };
		06E69F45BD25480A8FFE608B /* icon-72@2x.png in Resources */ = {isa = PBXBuildFile; fileRef = 510A0816040144D3A61A6272 /* icon-72@2x.png */; };
		5DF316F3E28349BF92DB921F /* icon-76.png in Resources */ = {isa = PBXBuildFile; fileRef = D42786ED98684B918479B222 /* icon-76.png */; };
		647743EEC60445608FF5D18D /* icon-76@2x.png in Resources */ = {isa = PBXBuildFile; fileRef = EC0B0E637EAF4AA3BBE16447 /* icon-76@2x.png */; };
		C77B679E52774F02A56F9EF2 /* icon.png in Resources */ = {isa = PBXBuildFile; fileRef = D21FAF1901644FAC8C0F1977 /* icon.png */; };
		C918B52CA543429BA652EE70 /* icon@2x.png in Resources */ = {isa = PBXBuildFile; fileRef = 130EA5713A434793936929D3 /* icon@2x.png */; };
/* End PBXBuildFile section */

/* Begin PBXCopyFilesBuildPhase section */
		85F5BDFC1A9363BE006B9701 /* Embed Frameworks */ = {
			isa = PBXCopyFilesBuildPhase;
			buildActionMask = 2147483647;
			dstPath = "";
			dstSubfolderSpec = 10;
			files = (
			);
			name = "Embed Frameworks";
			runOnlyForDeploymentPostprocessing = 0;
		};
/* End PBXCopyFilesBuildPhase section */

/* Begin PBXFileReference section */
		858B832E18CA111C00AB12DE /* nativescript.app */ = {isa = PBXFileReference; explicitFileType = wrapper.application; includeInIndex = 0; path = nativescript.app; sourceTree = BUILT_PRODUCTS_DIR; };
		858B833918CA111C00AB12DE /* nativescript-Info.plist */ = {isa = PBXFileReference; lastKnownFileType = text.plist.xml; path = "nativescript-Info.plist"; sourceTree = "<group>"; };
		858B833B18CA111C00AB12DE /* en */ = {isa = PBXFileReference; lastKnownFileType = text.plist.strings; name = en; path = en.lproj/InfoPlist.strings; sourceTree = "<group>"; };
		858B833F18CA111C00AB12DE /* nativescript-Prefix.pch */ = {isa = PBXFileReference; lastKnownFileType = sourcecode.c.h; path = "nativescript-Prefix.pch"; sourceTree = "<group>"; };
		858B843318CA22B800AB12DE /* nativescript.app */ = {isa = PBXFileReference; explicitFileType = wrapper.application; includeInIndex = 0; path = nativescript.app; sourceTree = BUILT_PRODUCTS_DIR; };
		CD45EE7A18DC2D5800FB50C0 /* app */ = {isa = PBXFileReference; lastKnownFileType = folder; path = app; sourceTree = "<group>"; };
		CD62955C1BB2678900AE3A93 /* main.m */ = {isa = PBXFileReference; fileEncoding = 4; lastKnownFileType = sourcecode.c.objc; name = main.m; path = internal/main.m; sourceTree = SOURCE_ROOT; };
		CDD59A261BB43B5D00EC2671 /* build-debug.xcconfig */ = {isa = PBXFileReference; fileEncoding = 4; lastKnownFileType = text.xcconfig; path = "build-debug.xcconfig"; sourceTree = "<group>"; };
		CDD59A271BB43B5D00EC2671 /* build-release.xcconfig */ = {isa = PBXFileReference; fileEncoding = 4; lastKnownFileType = text.xcconfig; path = "build-release.xcconfig"; sourceTree = "<group>"; };
		CDF4743E1BA4855C0087EA85 /* build.xcconfig */ = {isa = PBXFileReference; fileEncoding = 4; lastKnownFileType = text.xcconfig; path = build.xcconfig; sourceTree = "<group>"; };
		F9B8C6A31ACEDEEB00547416 /* en */ = {isa = PBXFileReference; lastKnownFileType = file.xib; name = en; path = en.lproj/LaunchScreen.xib; sourceTree = "<group>"; };
		F27391D8B5A14DD3BB3F941A /* Default-568h@2x.png */ = {isa = PBXFileReference; lastKnownFileType = image.png; name = "Default-568h@2x.png"; path = "nativescript/Resources/Default-568h@2x.png"; sourceTree = "<group>"; };
		7362E469E12C49AC86B07C01 /* Default-667h@2x.png */ = {isa = PBXFileReference; lastKnownFileType = image.png; name = "Default-667h@2x.png"; path = "nativescript/Resources/Default-667h@2x.png"; sourceTree = "<group>"; };
		928035DC8FFC4395807E73DE /* Default-736h@3x.png */ = {isa = PBXFileReference; lastKnownFileType = image.png; name = "Default-736h@3x.png"; path = "nativescript/Resources/Default-736h@3x.png"; sourceTree = "<group>"; };
		103E9789C02D4E4888E3BF79 /* Default-Landscape-568h@2x.png */ = {isa = PBXFileReference; lastKnownFileType = image.png; name = "Default-Landscape-568h@2x.png"; path = "nativescript/Resources/Default-Landscape-568h@2x.png"; sourceTree = "<group>"; };
		1D93880611B0467BAE25E05B /* Default-Landscape-667h@2x.png */ = {isa = PBXFileReference; lastKnownFileType = image.png; name = "Default-Landscape-667h@2x.png"; path = "nativescript/Resources/Default-Landscape-667h@2x.png"; sourceTree = "<group>"; };
		600B866C70334E168DF8B92B /* Default-Landscape.png */ = {isa = PBXFileReference; lastKnownFileType = image.png; name = "Default-Landscape.png"; path = "nativescript/Resources/Default-Landscape.png"; sourceTree = "<group>"; };
		BD94419428E542EF9EEC96EB /* Default-Landscape@2x.png */ = {isa = PBXFileReference; lastKnownFileType = image.png; name = "Default-Landscape@2x.png"; path = "nativescript/Resources/Default-Landscape@2x.png"; sourceTree = "<group>"; };
		348789E7B6CA4545A49B1812 /* Default-Landscape@3x.png */ = {isa = PBXFileReference; lastKnownFileType = image.png; name = "Default-Landscape@3x.png"; path = "nativescript/Resources/Default-Landscape@3x.png"; sourceTree = "<group>"; };
		50A126A8BBD941FC9065ECDA /* Default-Portrait.png */ = {isa = PBXFileReference; lastKnownFileType = image.png; name = "Default-Portrait.png"; path = "nativescript/Resources/Default-Portrait.png"; sourceTree = "<group>"; };
		9E178B63F5544B59AB0A2D1C /* Default-Portrait@2x.png */ = {isa = PBXFileReference; lastKnownFileType = image.png; name = "Default-Portrait@2x.png"; path = "nativescript/Resources/Default-Portrait@2x.png"; sourceTree = "<group>"; };
		037EA9ACA7114256907B3830 /* Default.png */ = {isa = PBXFileReference; lastKnownFileType = image.png; name = Default.png; path = "nativescript/Resources/Default.png"; sourceTree = "<group>"; };
		3C89E77A5C924BFB9B107D9E /* Default@2x.png */ = {isa = PBXFileReference; lastKnownFileType = image.png; name = "Default@2x.png"; path = "nativescript/Resources/Default@2x.png"; sourceTree = "<group>"; };
		CC65E8B8519B4D2DAEFA5AD7 /* Icon-Small-50.png */ = {isa = PBXFileReference; lastKnownFileType = image.png; name = "Icon-Small-50.png"; path = "nativescript/Resources/Icon-Small-50.png"; sourceTree = "<group>"; };
		B66C9EFF745243229B58731B /* Icon-Small-50@2x.png */ = {isa = PBXFileReference; lastKnownFileType = image.png; name = "Icon-Small-50@2x.png"; path = "nativescript/Resources/Icon-Small-50@2x.png"; sourceTree = "<group>"; };
		5C3CC7F078144DFCA5321F86 /* Icon-Small.png */ = {isa = PBXFileReference; lastKnownFileType = image.png; name = "Icon-Small.png"; path = "nativescript/Resources/Icon-Small.png"; sourceTree = "<group>"; };
		67CFAABD27794A058CC683CA /* Icon-Small@2x.png */ = {isa = PBXFileReference; lastKnownFileType = image.png; name = "Icon-Small@2x.png"; path = "nativescript/Resources/Icon-Small@2x.png"; sourceTree = "<group>"; };
		F328AFA7FDFB421DBA8C6F1B /* build.xcconfig */ = {isa = PBXFileReference; lastKnownFileType = unknown; name = build.xcconfig; path = "nativescript/Resources/build.xcconfig"; sourceTree = "<group>"; fileEncoding = 4; };
		E71F614DEA17459D9CF6D0F9 /* icon-40.png */ = {isa = PBXFileReference; lastKnownFileType = image.png; name = "icon-40.png"; path = "nativescript/Resources/icon-40.png"; sourceTree = "<group>"; };
		B7BB5C4D2C634575896B1DB3 /* icon-40@2x.png */ = {isa = PBXFileReference; lastKnownFileType = image.png; name = "icon-40@2x.png"; path = "nativescript/Resources/icon-40@2x.png"; sourceTree = "<group>"; };
		3BE1425A9E8D4DEE8DA66DC7 /* icon-60.png */ = {isa = PBXFileReference; lastKnownFileType = image.png; name = "icon-60.png"; path = "nativescript/Resources/icon-60.png"; sourceTree = "<group>"; };
		D4794146DEA0487E9B31846A /* icon-60@2x.png */ = {isa = PBXFileReference; lastKnownFileType = image.png; name = "icon-60@2x.png"; path = "nativescript/Resources/icon-60@2x.png"; sourceTree = "<group>"; };
		8EB40012758A44FABB3B06CC /* icon-72.png */ = {isa = PBXFileReference; lastKnownFileType = image.png; name = "icon-72.png"; path = "nativescript/Resources/icon-72.png"; sourceTree = "<group>"; };
		510A0816040144D3A61A6272 /* icon-72@2x.png */ = {isa = PBXFileReference; lastKnownFileType = image.png; name = "icon-72@2x.png"; path = "nativescript/Resources/icon-72@2x.png"; sourceTree = "<group>"; };
		D42786ED98684B918479B222 /* icon-76.png */ = {isa = PBXFileReference; lastKnownFileType = image.png; name = "icon-76.png"; path = "nativescript/Resources/icon-76.png"; sourceTree = "<group>"; };
		EC0B0E637EAF4AA3BBE16447 /* icon-76@2x.png */ = {isa = PBXFileReference; lastKnownFileType = image.png; name = "icon-76@2x.png"; path = "nativescript/Resources/icon-76@2x.png"; sourceTree = "<group>"; };
		D21FAF1901644FAC8C0F1977 /* icon.png */ = {isa = PBXFileReference; lastKnownFileType = image.png; name = icon.png; path = "nativescript/Resources/icon.png"; sourceTree = "<group>"; };
		130EA5713A434793936929D3 /* icon@2x.png */ = {isa = PBXFileReference; lastKnownFileType = image.png; name = "icon@2x.png"; path = "nativescript/Resources/icon@2x.png"; sourceTree = "<group>"; };
/* End PBXFileReference section */

/* Begin PBXFrameworksBuildPhase section */
		858B83F418CA22B800AB12DE /* Frameworks */ = {
			isa = PBXFrameworksBuildPhase;
			buildActionMask = 2147483647;
			files = (
			);
			runOnlyForDeploymentPostprocessing = 0;
		};
/* End PBXFrameworksBuildPhase section */

/* Begin PBXGroup section */
		858B832518CA111C00AB12DE = {
			isa = PBXGroup;
			children = (
				E070579D1B39A9D000214BF1 /* Resources */,
				858B833718CA111C00AB12DE /* nativescript */,
				858B833018CA111C00AB12DE /* Frameworks */,
				858B832F18CA111C00AB12DE /* Products */,
			);
			sourceTree = "<group>";
		};
		858B832F18CA111C00AB12DE /* Products */ = {
			isa = PBXGroup;
			children = (
				858B832E18CA111C00AB12DE /* nativescript.app */,
				858B843318CA22B800AB12DE /* nativescript.app */,
			);
			name = Products;
			sourceTree = "<group>";
		};
		858B833018CA111C00AB12DE /* Frameworks */ = {
			isa = PBXGroup;
			children = (
			);
			name = Frameworks;
			sourceTree = "<group>";
		};
		858B833718CA111C00AB12DE /* nativescript */ = {
			isa = PBXGroup;
			children = (
				CD45EE7A18DC2D5800FB50C0 /* app */,
				F9B8C6A21ACEDEEB00547416 /* LaunchScreen.xib */,
				858B833818CA111C00AB12DE /* Supporting Files */,
			);
			path = nativescript;
			sourceTree = "<group>";
		};
		858B833818CA111C00AB12DE /* Supporting Files */ = {
			isa = PBXGroup;
			children = (
				CDF4743E1BA4855C0087EA85 /* build.xcconfig */,
				CDD59A261BB43B5D00EC2671 /* build-debug.xcconfig */,
				CDD59A271BB43B5D00EC2671 /* build-release.xcconfig */,
				858B833918CA111C00AB12DE /* nativescript-Info.plist */,
				858B833A18CA111C00AB12DE /* InfoPlist.strings */,
				CD62955C1BB2678900AE3A93 /* main.m */,
				858B833F18CA111C00AB12DE /* nativescript-Prefix.pch */,
			);
			name = "Supporting Files";
			sourceTree = "<group>";
		};
		E070579D1B39A9D000214BF1 /* Resources */ = {
			isa = PBXGroup;
			children = (
				F27391D8B5A14DD3BB3F941A /* Default-568h@2x.png */,
				7362E469E12C49AC86B07C01 /* Default-667h@2x.png */,
				928035DC8FFC4395807E73DE /* Default-736h@3x.png */,
				103E9789C02D4E4888E3BF79 /* Default-Landscape-568h@2x.png */,
				1D93880611B0467BAE25E05B /* Default-Landscape-667h@2x.png */,
				600B866C70334E168DF8B92B /* Default-Landscape.png */,
				BD94419428E542EF9EEC96EB /* Default-Landscape@2x.png */,
				348789E7B6CA4545A49B1812 /* Default-Landscape@3x.png */,
				50A126A8BBD941FC9065ECDA /* Default-Portrait.png */,
				9E178B63F5544B59AB0A2D1C /* Default-Portrait@2x.png */,
				037EA9ACA7114256907B3830 /* Default.png */,
				3C89E77A5C924BFB9B107D9E /* Default@2x.png */,
				CC65E8B8519B4D2DAEFA5AD7 /* Icon-Small-50.png */,
				B66C9EFF745243229B58731B /* Icon-Small-50@2x.png */,
				5C3CC7F078144DFCA5321F86 /* Icon-Small.png */,
				67CFAABD27794A058CC683CA /* Icon-Small@2x.png */,
				F328AFA7FDFB421DBA8C6F1B /* build.xcconfig */,
				E71F614DEA17459D9CF6D0F9 /* icon-40.png */,
				B7BB5C4D2C634575896B1DB3 /* icon-40@2x.png */,
				3BE1425A9E8D4DEE8DA66DC7 /* icon-60.png */,
				D4794146DEA0487E9B31846A /* icon-60@2x.png */,
				8EB40012758A44FABB3B06CC /* icon-72.png */,
				510A0816040144D3A61A6272 /* icon-72@2x.png */,
				D42786ED98684B918479B222 /* icon-76.png */,
				EC0B0E637EAF4AA3BBE16447 /* icon-76@2x.png */,
				D21FAF1901644FAC8C0F1977 /* icon.png */,
				130EA5713A434793936929D3 /* icon@2x.png */,
			);
			name = Resources;
			sourceTree = "<group>";
		};
/* End PBXGroup section */

/* Begin PBXNativeTarget section */
		858B83EF18CA22B800AB12DE /* nativescript */ = {
			isa = PBXNativeTarget;
			buildConfigurationList = 858B843018CA22B800AB12DE /* Build configuration list for PBXNativeTarget "nativescript" */;
			buildPhases = (
				C97FD7AC1ADE5369004DB2A4 /* NativeScript PreBuild */,
				858B83F218CA22B800AB12DE /* Sources */,
				CD62955B1BB2651D00AE3A93 /* NativeScript PreLink */,
				858B83F418CA22B800AB12DE /* Frameworks */,
				858B842C18CA22B800AB12DE /* Resources */,
				85F5BDFC1A9363BE006B9701 /* Embed Frameworks */,
				CD3EAD351B05FF060042DBFC /* NativeScript PostBuild */,
			);
			buildRules = (
			);
			dependencies = (
			);
			name = nativescript;
			productName = JDBridgeApp;
			productReference = 858B843318CA22B800AB12DE /* nativescript.app */;
			productType = "com.apple.product-type.application";
		};
/* End PBXNativeTarget section */

/* Begin PBXProject section */
		858B832618CA111C00AB12DE /* Project object */ = {
			isa = PBXProject;
			attributes = {
				CLASSPREFIX = TNS;
				LastUpgradeCheck = 500;
				ORGANIZATIONNAME = Telerik;
			};
			buildConfigurationList = 858B832918CA111C00AB12DE /* Build configuration list for PBXProject "nativescript" */;
			compatibilityVersion = "Xcode 3.2";
			developmentRegion = English;
			hasScannedForEncodings = 0;
			knownRegions = (
				en,
			);
			mainGroup = 858B832518CA111C00AB12DE;
			productRefGroup = 858B832F18CA111C00AB12DE /* Products */;
			projectDirPath = "";
			projectRoot = "";
			targets = (
				858B83EF18CA22B800AB12DE /* nativescript */,
			);
		};
/* End PBXProject section */

/* Begin PBXResourcesBuildPhase section */
		858B842C18CA22B800AB12DE /* Resources */ = {
			isa = PBXResourcesBuildPhase;
			buildActionMask = 2147483647;
			files = (
				CD45EE7C18DC2D5800FB50C0 /* app in Resources */,
				858B842D18CA22B800AB12DE /* InfoPlist.strings in Resources */,
				0CEAB780050A416C972A2B37 /* Default-568h@2x.png in Resources */,
				195157EC3C7E464FBD2D25AC /* Default-667h@2x.png in Resources */,
				B89F53E5AF4B48C4B9DAA22B /* Default-736h@3x.png in Resources */,
				DB1B5F9CF7744B8BA3277726 /* Default-Landscape-568h@2x.png in Resources */,
				320EEDC775E84A97BAD25D7A /* Default-Landscape-667h@2x.png in Resources */,
				26E233DBD7ED4096BA29F293 /* Default-Landscape.png in Resources */,
				C514CDA25D49491F8413BD42 /* Default-Landscape@2x.png in Resources */,
				424782D8E1B04D84AFB8AEA6 /* Default-Landscape@3x.png in Resources */,
				913253D94D8D4849B20326E3 /* Default-Portrait.png in Resources */,
				3352B10D01E04A45867D76E6 /* Default-Portrait@2x.png in Resources */,
				7E9D945DB1674A748516988B /* Default.png in Resources */,
				B49E55196F9F44528BD09D02 /* Default@2x.png in Resources */,
				E7CD24BAA66D49BD8106D4D1 /* Icon-Small-50.png in Resources */,
				A0CFB3E3CA5F4F3CA0B2A6A0 /* Icon-Small-50@2x.png in Resources */,
				1403BDCE3D094800BDA0475B /* Icon-Small.png in Resources */,
				788B3F4CE0DC42A896F35881 /* Icon-Small@2x.png in Resources */,
				CB418CB46DC948CE9AE3AFBD /* build.xcconfig in Resources */,
				48D21548E096498194029AE6 /* icon-40.png in Resources */,
				E1A9FD7D3C9D42F99488BD8B /* icon-40@2x.png in Resources */,
				209B9925493B472FAA2445AE /* icon-60.png in Resources */,
				94B106B94A46423A8384CC70 /* icon-60@2x.png in Resources */,
				666458CC7EFD4CE893BB625D /* icon-72.png in Resources */,
				06E69F45BD25480A8FFE608B /* icon-72@2x.png in Resources */,
				5DF316F3E28349BF92DB921F /* icon-76.png in Resources */,
				647743EEC60445608FF5D18D /* icon-76@2x.png in Resources */,
				C77B679E52774F02A56F9EF2 /* icon.png in Resources */,
				C918B52CA543429BA652EE70 /* icon@2x.png in Resources */,
			);
			runOnlyForDeploymentPostprocessing = 0;
		};
/* End PBXResourcesBuildPhase section */

/* Begin PBXShellScriptBuildPhase section */
		C97FD7AC1ADE5369004DB2A4 /* NativeScript PreBuild */ = {
			isa = PBXShellScriptBuildPhase;
			buildActionMask = 2147483647;
			files = (
			);
			inputPaths = (
			);
			name = "NativeScript PreBuild";
			outputPaths = (
			);
			runOnlyForDeploymentPostprocessing = 0;
			shellPath = /bin/sh;
			shellScript = "\"$SRCROOT/internal/nativescript-pre-build\"";
			showEnvVarsInLog = 0;
		};
		CD3EAD351B05FF060042DBFC /* NativeScript PostBuild */ = {
			isa = PBXShellScriptBuildPhase;
			buildActionMask = 2147483647;
			files = (
			);
			inputPaths = (
			);
			name = "NativeScript PostBuild";
			outputPaths = (
			);
			runOnlyForDeploymentPostprocessing = 0;
			shellPath = /bin/sh;
			shellScript = "\"$SRCROOT/internal/nativescript-post-build\"";
			showEnvVarsInLog = 0;
		};
		CD62955B1BB2651D00AE3A93 /* NativeScript PreLink */ = {
			isa = PBXShellScriptBuildPhase;
			buildActionMask = 2147483647;
			files = (
			);
			inputPaths = (
			);
			name = "NativeScript PreLink";
			outputPaths = (
			);
			runOnlyForDeploymentPostprocessing = 0;
			shellPath = /bin/sh;
			shellScript = "\"$SRCROOT/internal/nativescript-pre-link\"";
			showEnvVarsInLog = 0;
		};
/* End PBXShellScriptBuildPhase section */

/* Begin PBXSourcesBuildPhase section */
		858B83F218CA22B800AB12DE /* Sources */ = {
			isa = PBXSourcesBuildPhase;
			buildActionMask = 2147483647;
			files = (
				CD62955D1BB2678900AE3A93 /* main.m in Sources */,
			);
			runOnlyForDeploymentPostprocessing = 0;
		};
/* End PBXSourcesBuildPhase section */

/* Begin PBXVariantGroup section */
		858B833A18CA111C00AB12DE /* InfoPlist.strings */ = {
			isa = PBXVariantGroup;
			children = (
				858B833B18CA111C00AB12DE /* en */,
			);
			name = InfoPlist.strings;
			sourceTree = "<group>";
		};
		F9B8C6A21ACEDEEB00547416 /* LaunchScreen.xib */ = {
			isa = PBXVariantGroup;
			children = (
				F9B8C6A31ACEDEEB00547416 /* en */,
			);
			name = LaunchScreen.xib;
			sourceTree = "<group>";
		};
/* End PBXVariantGroup section */

/* Begin XCBuildConfiguration section */
		858B835818CA111C00AB12DE /* Debug */ = {
			isa = XCBuildConfiguration;
			buildSettings = {
				ALWAYS_SEARCH_USER_PATHS = NO;
				ARCHS = "$(ARCHS_STANDARD)";
				CLANG_CXX_LANGUAGE_STANDARD = "gnu++0x";
				CLANG_CXX_LIBRARY = "libc++";
				CLANG_ENABLE_MODULES = YES;
				CLANG_ENABLE_OBJC_ARC = YES;
				CLANG_WARN_BOOL_CONVERSION = YES;
				CLANG_WARN_CONSTANT_CONVERSION = YES;
				CLANG_WARN_DIRECT_OBJC_ISA_USAGE = YES_ERROR;
				CLANG_WARN_EMPTY_BODY = YES;
				CLANG_WARN_ENUM_CONVERSION = YES;
				CLANG_WARN_INT_CONVERSION = YES;
				CLANG_WARN_OBJC_ROOT_CLASS = YES_ERROR;
				CLANG_WARN__DUPLICATE_METHOD_MATCH = YES;
				"CODE_SIGN_IDENTITY[sdk=iphoneos*]" = "iPhone Developer";
				COPY_PHASE_STRIP = NO;
				GCC_C_LANGUAGE_STANDARD = gnu99;
				GCC_DYNAMIC_NO_PIC = NO;
				GCC_OPTIMIZATION_LEVEL = 0;
				GCC_SYMBOLS_PRIVATE_EXTERN = NO;
				GCC_WARN_64_TO_32_BIT_CONVERSION = YES;
				GCC_WARN_ABOUT_RETURN_TYPE = YES_ERROR;
				GCC_WARN_UNDECLARED_SELECTOR = YES;
				GCC_WARN_UNINITIALIZED_AUTOS = YES;
				GCC_WARN_UNUSED_FUNCTION = YES;
				GCC_WARN_UNUSED_VARIABLE = YES;
				IPHONEOS_DEPLOYMENT_TARGET = 7.0;
				ONLY_ACTIVE_ARCH = YES;
				SDKROOT = iphoneos;
				TARGETED_DEVICE_FAMILY = "1,2";
				VALID_ARCHS = "armv7 arm64";
			};
			name = Debug;
		};
		858B835918CA111C00AB12DE /* Release */ = {
			isa = XCBuildConfiguration;
			buildSettings = {
				ALWAYS_SEARCH_USER_PATHS = NO;
				ARCHS = "$(ARCHS_STANDARD)";
				CLANG_CXX_LANGUAGE_STANDARD = "gnu++0x";
				CLANG_CXX_LIBRARY = "libc++";
				CLANG_ENABLE_MODULES = YES;
				CLANG_ENABLE_OBJC_ARC = YES;
				CLANG_WARN_BOOL_CONVERSION = YES;
				CLANG_WARN_CONSTANT_CONVERSION = YES;
				CLANG_WARN_DIRECT_OBJC_ISA_USAGE = YES_ERROR;
				CLANG_WARN_EMPTY_BODY = YES;
				CLANG_WARN_ENUM_CONVERSION = YES;
				CLANG_WARN_INT_CONVERSION = YES;
				CLANG_WARN_OBJC_ROOT_CLASS = YES_ERROR;
				CLANG_WARN__DUPLICATE_METHOD_MATCH = YES;
				"CODE_SIGN_IDENTITY[sdk=iphoneos*]" = "iPhone Developer";
				COPY_PHASE_STRIP = YES;
				ENABLE_NS_ASSERTIONS = NO;
				GCC_C_LANGUAGE_STANDARD = gnu99;
				GCC_WARN_64_TO_32_BIT_CONVERSION = YES;
				GCC_WARN_ABOUT_RETURN_TYPE = YES_ERROR;
				GCC_WARN_UNDECLARED_SELECTOR = YES;
				GCC_WARN_UNINITIALIZED_AUTOS = YES;
				GCC_WARN_UNUSED_FUNCTION = YES;
				GCC_WARN_UNUSED_VARIABLE = YES;
				IPHONEOS_DEPLOYMENT_TARGET = 7.0;
				SDKROOT = iphoneos;
				TARGETED_DEVICE_FAMILY = "1,2";
				VALIDATE_PRODUCT = YES;
				VALID_ARCHS = "armv7 arm64";
			};
			name = Release;
		};
		858B843118CA22B800AB12DE /* Debug */ = {
			isa = XCBuildConfiguration;
			baseConfigurationReference = CDD59A261BB43B5D00EC2671 /* build-debug.xcconfig */;
			buildSettings = {
				ARCHS = "$(ARCHS_STANDARD)";
				CLANG_ENABLE_MODULES = NO;
				CLANG_MODULES_AUTOLINK = NO;
				ENABLE_BITCODE = NO;
				GCC_PRECOMPILE_PREFIX_HEADER = YES;
				GCC_PREFIX_HEADER = "nativescript/nativescript-Prefix.pch";
				GCC_PREPROCESSOR_DEFINITIONS = (
					"$(inherited)",
					"DEBUG=1",
				);
				INFOPLIST_FILE = "$(SRCROOT)/nativescript/nativescript-Info.plist";
				LD_RUNPATH_SEARCH_PATHS = "$(inherited) @executable_path/Frameworks";
				PRODUCT_NAME = nativescript;
				VALID_ARCHS = "armv7 arm64";
				WRAPPER_EXTENSION = app;
			};
			name = Debug;
		};
		858B843218CA22B800AB12DE /* Release */ = {
			isa = XCBuildConfiguration;
			baseConfigurationReference = CDD59A271BB43B5D00EC2671 /* build-release.xcconfig */;
			buildSettings = {
				ARCHS = "$(ARCHS_STANDARD)";
				CLANG_ENABLE_MODULES = NO;
				CLANG_MODULES_AUTOLINK = NO;
				ENABLE_BITCODE = NO;
				GCC_PRECOMPILE_PREFIX_HEADER = YES;
				GCC_PREFIX_HEADER = "nativescript/nativescript-Prefix.pch";
				INFOPLIST_FILE = "$(SRCROOT)/nativescript/nativescript-Info.plist";
				LD_RUNPATH_SEARCH_PATHS = "$(inherited) @executable_path/Frameworks";
				PRODUCT_NAME = nativescript;
				VALID_ARCHS = "armv7 arm64";
				WRAPPER_EXTENSION = app;
			};
			name = Release;
		};
/* End XCBuildConfiguration section */

/* Begin XCConfigurationList section */
		858B832918CA111C00AB12DE /* Build configuration list for PBXProject "nativescript" */ = {
			isa = XCConfigurationList;
			buildConfigurations = (
				858B835818CA111C00AB12DE /* Debug */,
				858B835918CA111C00AB12DE /* Release */,
			);
			defaultConfigurationIsVisible = 0;
			defaultConfigurationName = Release;
		};
		858B843018CA22B800AB12DE /* Build configuration list for PBXNativeTarget "nativescript" */ = {
			isa = XCConfigurationList;
			buildConfigurations = (
				858B843118CA22B800AB12DE /* Debug */,
				858B843218CA22B800AB12DE /* Release */,
			);
			defaultConfigurationIsVisible = 0;
			defaultConfigurationName = Release;
		};
/* End XCConfigurationList section */
	};
	rootObject = 858B832618CA111C00AB12DE /* Project object */;
}
